<?xml version="1.0" encoding="utf-8"?>
<Project ToolsVersion="4.0" xmlns="http://schemas.microsoft.com/developer/msbuild/2003">
  <ItemGroup>
    <Filter Include="Header Files">
      <UniqueIdentifier>{d04b618d-bbbc-4846-8e8b-adebab76ac13}</UniqueIdentifier>
    </Filter>
    <Filter Include="Source Files">
      <UniqueIdentifier>{f1b8db6d-f188-4d7c-ac27-d321c9a9313c}</UniqueIdentifier>
    </Filter>
  </ItemGroup>
  <ItemGroup>
    <ClInclude Include="Parameter.h">
      <Filter>Header Files</Filter>
    </ClInclude>
    <ClInclude Include="ParticleSwarmOptimization.h">
      <Filter>Header Files</Filter>
    </ClInclude>
    <ClInclude Include="Population.h">
      <Filter>Header Files</Filter>
    </ClInclude>
    <ClInclude Include="Utility.h">
      <Filter>Header Files</Filter>
    </ClInclude>
    <ClInclude Include="ParticleSwarmOptimizationKernels.cuh">
      <Filter>Header Files</Filter>
    </ClInclude>
    <ClInclude Include="PopulationKernels.cuh">
      <Filter>Header Files</Filter>
    </ClInclude>
    <ClInclude Include="ProblemKernels.cuh">
      <Filter>Header Files</Filter>
    </ClInclude>
  </ItemGroup>
  <ItemGroup>
    <ClCompile Include="Main.cpp">
      <Filter>Source Files</Filter>
    </ClCompile>
    <ClCompile Include="Parameter.cpp">
      <Filter>Source Files</Filter>
    </ClCompile>
    <ClCompile Include="Utility.cpp">
      <Filter>Source Files</Filter>
    </ClCompile>
  </ItemGroup>
  <ItemGroup>
    <CudaCompile Include="ParticleSwarmOptimization.cu">
      <Filter>Source Files</Filter>
    </CudaCompile>
    <CudaCompile Include="Population.cu">
      <Filter>Source Files</Filter>
    </CudaCompile>
  </ItemGroup>
</Project>